
Microsoft Visual Studio Solution File, Format Version 12.00
# Visual Studio Version 16
VisualStudioVersion = 16.0.810.9
MinimumVisualStudioVersion = 10.0.40219.1
Project("{FAE04EC0-301F-11D3-BF4B-00C04F79EFBC}") = "TimeOff.Request", "TimeOff.Request\TimeOff.Request.csproj", "{2E609015-68AF-462D-8BD3-6139E808049E}"
EndProject
Global
	GlobalSection(SolutionConfigurationPlatforms) = preSolution
		Debug|Any CPU = Debug|Any CPU
		Release|Any CPU = Release|Any CPU
	EndGlobalSection
	GlobalSection(ProjectConfigurationPlatforms) = postSolution
		{2E609015-68AF-462D-8BD3-6139E808049E}.Debug|Any CPU.ActiveCfg = Debug|Any CPU
		{2E609015-68AF-462D-8BD3-6139E808049E}.Debug|Any CPU.Build.0 = Debug|Any CPU
		{2E609015-68AF-462D-8BD3-6139E808049E}.Release|Any CPU.ActiveCfg = Release|Any CPU
		{2E609015-68AF-462D-8BD3-6139E808049E}.Release|Any CPU.Build.0 = Release|Any CPU
	EndGlobalSection
	GlobalSection(SolutionProperties) = preSolution
		HideSolutionNode = FALSE
	EndGlobalSection
	GlobalSection(ExtensibilityGlobals) = postSolution
		SolutionGuid = {F8C979C5-C27B-44C4-B797-75E89257B0E1}
	EndGlobalSection
EndGlobal
